
Microsoft Visual Studio Solution File, Format Version 12.00
# Visual Studio Version 17
VisualStudioVersion = 17.11.35312.102
MinimumVisualStudioVersion = 10.0.40219.1
Project("{FAE04EC0-301F-11D3-BF4B-00C04F79EFBC}") = "Test1", "Test1.csproj", "{F728CFA4-A4A7-474F-B40F-9B0600410555}"
EndProject
Global
	GlobalSection(SolutionConfigurationPlatforms) = preSolution
		Debug|Any CPU = Debug|Any CPU
		Release|Any CPU = Release|Any CPU
	EndGlobalSection
	GlobalSection(ProjectConfigurationPlatforms) = postSolution
		{F728CFA4-A4A7-474F-B40F-9B0600410555}.Debug|Any CPU.ActiveCfg = Debug|Any CPU
		{F728CFA4-A4A7-474F-B40F-9B0600410555}.Debug|Any CPU.Build.0 = Debug|Any CPU
		{F728CFA4-A4A7-474F-B40F-9B0600410555}.Release|Any CPU.ActiveCfg = Release|Any CPU
		{F728CFA4-A4A7-474F-B40F-9B0600410555}.Release|Any CPU.Build.0 = Release|Any CPU
	EndGlobalSection
	GlobalSection(SolutionProperties) = preSolution
		HideSolutionNode = FALSE
	EndGlobalSection
	GlobalSection(ExtensibilityGlobals) = postSolution
		SolutionGuid = {D5B8F8E5-0FB3-4137-AEB2-B667692881DA}
	EndGlobalSection
EndGlobal
